
Microsoft Visual Studio Solution File, Format Version 12.00
Project("{FAE04EC0-301F-11D3-BF4B-00C04F79EFBC}") = "CrawlerHttpCLI", "CrawlerHttpCLI.csproj", "{667F0508-416C-410F-8A8E-E83E03008298}"
EndProject
Global
	GlobalSection(SolutionConfigurationPlatforms) = preSolution
		Debug|Any CPU = Debug|Any CPU
		Release|Any CPU = Release|Any CPU
	EndGlobalSection
	GlobalSection(ProjectConfigurationPlatforms) = postSolution
		{667F0508-416C-410F-8A8E-E83E03008298}.Debug|Any CPU.ActiveCfg = Debug|Any CPU
		{667F0508-416C-410F-8A8E-E83E03008298}.Debug|Any CPU.Build.0 = Debug|Any CPU
		{667F0508-416C-410F-8A8E-E83E03008298}.Release|Any CPU.ActiveCfg = Release|Any CPU
		{667F0508-416C-410F-8A8E-E83E03008298}.Release|Any CPU.Build.0 = Release|Any CPU
	EndGlobalSection
EndGlobal
